
Microsoft Visual Studio Solution File, Format Version 11.00
# Visual Studio 2010
Project("{8BC9CEB8-8B4A-11D0-8D11-00A0C91BC942}") = "Termin6", "Termin6\Termin6.vcxproj", "{C504FB58-E8B4-4FB4-85A7-CE19A9563B17}"
	ProjectSection(ProjectDependencies) = postProject
		{FE479409-76C3-48CB-A84D-C7F001DAAD8F} = {FE479409-76C3-48CB-A84D-C7F001DAAD8F}
	EndProjectSection
EndProject
Project("{8BC9CEB8-8B4A-11D0-8D11-00A0C91BC942}") = "libpng", "libpng\libpng.vcxproj", "{FE479409-76C3-48CB-A84D-C7F001DAAD8F}"
	ProjectSection(ProjectDependencies) = postProject
		{96F81742-5CFA-42D0-AA6B-1F1591665222} = {96F81742-5CFA-42D0-AA6B-1F1591665222}
	EndProjectSection
EndProject
Project("{8BC9CEB8-8B4A-11D0-8D11-00A0C91BC942}") = "zlib", "zlib\zlib.vcxproj", "{96F81742-5CFA-42D0-AA6B-1F1591665222}"
EndProject
Global
	GlobalSection(SolutionConfigurationPlatforms) = preSolution
		Debug|Win32 = Debug|Win32
		Release|Win32 = Release|Win32
	EndGlobalSection
	GlobalSection(ProjectConfigurationPlatforms) = postSolution
		{C504FB58-E8B4-4FB4-85A7-CE19A9563B17}.Debug|Win32.ActiveCfg = Debug|Win32
		{C504FB58-E8B4-4FB4-85A7-CE19A9563B17}.Debug|Win32.Build.0 = Debug|Win32
		{C504FB58-E8B4-4FB4-85A7-CE19A9563B17}.Release|Win32.ActiveCfg = Release|Win32
		{C504FB58-E8B4-4FB4-85A7-CE19A9563B17}.Release|Win32.Build.0 = Release|Win32
		{FE479409-76C3-48CB-A84D-C7F001DAAD8F}.Debug|Win32.ActiveCfg = Debug|Win32
		{FE479409-76C3-48CB-A84D-C7F001DAAD8F}.Debug|Win32.Build.0 = Debug|Win32
		{FE479409-76C3-48CB-A84D-C7F001DAAD8F}.Release|Win32.ActiveCfg = Release|Win32
		{FE479409-76C3-48CB-A84D-C7F001DAAD8F}.Release|Win32.Build.0 = Release|Win32
		{96F81742-5CFA-42D0-AA6B-1F1591665222}.Debug|Win32.ActiveCfg = Debug|Win32
		{96F81742-5CFA-42D0-AA6B-1F1591665222}.Debug|Win32.Build.0 = Debug|Win32
		{96F81742-5CFA-42D0-AA6B-1F1591665222}.Release|Win32.ActiveCfg = Release|Win32
		{96F81742-5CFA-42D0-AA6B-1F1591665222}.Release|Win32.Build.0 = Release|Win32
	EndGlobalSection
	GlobalSection(SolutionProperties) = preSolution
		HideSolutionNode = FALSE
	EndGlobalSection
	GlobalSection(DPCodeReviewSolutionGUID) = preSolution
		DPCodeReviewSolutionGUID = {00000000-0000-0000-0000-000000000000}
	EndGlobalSection
EndGlobal
